
Microsoft Visual Studio Solution File, Format Version 12.00
# Visual Studio Version 16
VisualStudioVersion = 16.0.31424.327
MinimumVisualStudioVersion = 10.0.40219.1
Project("{FAE04EC0-301F-11D3-BF4B-00C04F79EFBC}") = "VueNonSPACoreWebApp", "VueNonSPACoreWebApp\VueNonSPACoreWebApp.csproj", "{3D01B094-0EE9-47CD-B3B8-2B16F17E059E}"
EndProject
Global
	GlobalSection(SolutionConfigurationPlatforms) = preSolution
		Debug|Any CPU = Debug|Any CPU
		Release|Any CPU = Release|Any CPU
	EndGlobalSection
	GlobalSection(ProjectConfigurationPlatforms) = postSolution
		{3D01B094-0EE9-47CD-B3B8-2B16F17E059E}.Debug|Any CPU.ActiveCfg = Debug|Any CPU
		{3D01B094-0EE9-47CD-B3B8-2B16F17E059E}.Debug|Any CPU.Build.0 = Debug|Any CPU
		{3D01B094-0EE9-47CD-B3B8-2B16F17E059E}.Release|Any CPU.ActiveCfg = Release|Any CPU
		{3D01B094-0EE9-47CD-B3B8-2B16F17E059E}.Release|Any CPU.Build.0 = Release|Any CPU
	EndGlobalSection
	GlobalSection(SolutionProperties) = preSolution
		HideSolutionNode = FALSE
	EndGlobalSection
	GlobalSection(ExtensibilityGlobals) = postSolution
		SolutionGuid = {21414242-81A2-40A9-B561-82EAB962C3A1}
	EndGlobalSection
EndGlobal
